{
    "version": 3,
    "terraform_version": "0.7.13",
    "serial": 0,
    "lineage": "7c2f3139-4276-4735-b7a6-6883e0ff77d9",
    "modules": [
        {
            "path": [
                "root"
            ],
            "outputs": {},
            "resources": {
                "google_compute_firewall.default": {
                    "type": "google_compute_firewall",
                    "depends_on": [],
                    "primary": {
                        "id": "firewall",
                        "attributes": {
                            "allow.#": "2",
                            "allow.1367131964.ports.#": "0",
                            "allow.1367131964.protocol": "icmp",
                            "allow.3848845357.ports.#": "0",
                            "allow.3848845357.protocol": "tcp",
                            "description": "",
                            "id": "firewall",
                            "name": "firewall",
                            "network": "default",
                            "project": "seniordesign-143118",
                            "self_link": "https://www.googleapis.com/compute/v1/projects/seniordesign-143118/global/firewalls/firewall",
                            "source_ranges.#": "1",
                            "source_ranges.1080289494": "0.0.0.0/0",
                            "source_tags.#": "0",
                            "target_tags.#": "1",
                            "target_tags.3379458255": "app"
                        },
                        "meta": {
                            "schema_version": "1"
                        },
                        "tainted": false
                    },
                    "deposed": [],
                    "provider": ""
                },
                "google_compute_instance.app-instance.0": {
                    "type": "google_compute_instance",
                    "depends_on": [],
                    "primary": {
                        "id": "app-instance-0",
                        "attributes": {
                            "can_ip_forward": "false",
                            "disk.#": "1",
                            "disk.0.auto_delete": "true",
                            "disk.0.device_name": "",
                            "disk.0.disk": "",
                            "disk.0.image": "ubuntu-os-cloud/ubuntu-1604-lts",
                            "disk.0.scratch": "false",
                            "disk.0.size": "10",
                            "disk.0.type": "",
                            "id": "app-instance-0",
                            "machine_type": "custom-1-2048",
                            "metadata.%": "0",
                            "metadata_fingerprint": "uFD00vqIMvY=",
                            "name": "app-instance-0",
                            "network.#": "0",
                            "network_interface.#": "1",
                            "network_interface.0.access_config.#": "0",
                            "network_interface.0.address": "10.142.0.5",
                            "network_interface.0.name": "nic0",
                            "network_interface.0.network": "default",
                            "network_interface.0.subnetwork": "",
                            "self_link": "https://www.googleapis.com/compute/v1/projects/seniordesign-143118/zones/us-east1-b/instances/app-instance-0",
                            "service_account.#": "0",
                            "tags.#": "1",
                            "tags.3379458255": "app",
                            "tags_fingerprint": "-ITvvbWD_xo=",
                            "zone": "us-east1-b"
                        },
                        "meta": {
                            "schema_version": "2"
                        },
                        "tainted": false
                    },
                    "deposed": [],
                    "provider": ""
                },
                "google_compute_instance.app-instance.1": {
                    "type": "google_compute_instance",
                    "depends_on": [],
                    "primary": {
                        "id": "app-instance-1",
                        "attributes": {
                            "can_ip_forward": "false",
                            "disk.#": "1",
                            "disk.0.auto_delete": "true",
                            "disk.0.device_name": "",
                            "disk.0.disk": "",
                            "disk.0.image": "ubuntu-os-cloud/ubuntu-1604-lts",
                            "disk.0.scratch": "false",
                            "disk.0.size": "10",
                            "disk.0.type": "",
                            "id": "app-instance-1",
                            "machine_type": "custom-1-2048",
                            "metadata.%": "0",
                            "metadata_fingerprint": "uFD00vqIMvY=",
                            "name": "app-instance-1",
                            "network.#": "0",
                            "network_interface.#": "1",
                            "network_interface.0.access_config.#": "0",
                            "network_interface.0.address": "10.142.0.4",
                            "network_interface.0.name": "nic0",
                            "network_interface.0.network": "default",
                            "network_interface.0.subnetwork": "",
                            "self_link": "https://www.googleapis.com/compute/v1/projects/seniordesign-143118/zones/us-east1-b/instances/app-instance-1",
                            "service_account.#": "0",
                            "tags.#": "1",
                            "tags.3379458255": "app",
                            "tags_fingerprint": "-ITvvbWD_xo=",
                            "zone": "us-east1-b"
                        },
                        "meta": {
                            "schema_version": "2"
                        },
                        "tainted": false
                    },
                    "deposed": [],
                    "provider": ""
                },
                "google_compute_instance.db-instance": {
                    "type": "google_compute_instance",
                    "depends_on": [],
                    "primary": {
                        "id": "db-instance",
                        "attributes": {
                            "can_ip_forward": "false",
                            "disk.#": "1",
                            "disk.0.auto_delete": "true",
                            "disk.0.device_name": "",
                            "disk.0.disk": "",
                            "disk.0.image": "ubuntu-os-cloud/ubuntu-1604-lts",
                            "disk.0.scratch": "false",
                            "disk.0.size": "50",
                            "disk.0.type": "",
                            "id": "db-instance",
                            "machine_type": "custom-2-2048",
                            "metadata.%": "0",
                            "metadata_fingerprint": "uFD00vqIMvY=",
                            "name": "db-instance",
                            "network.#": "0",
                            "network_interface.#": "1",
                            "network_interface.0.access_config.#": "0",
                            "network_interface.0.address": "10.142.0.3",
                            "network_interface.0.name": "nic0",
                            "network_interface.0.network": "default",
                            "network_interface.0.subnetwork": "",
                            "self_link": "https://www.googleapis.com/compute/v1/projects/seniordesign-143118/zones/us-east1-b/instances/db-instance",
                            "service_account.#": "0",
                            "tags.#": "1",
                            "tags.3824466984": "db",
                            "tags_fingerprint": "iLlpKeTIHqY=",
                            "zone": "us-east1-b"
                        },
                        "meta": {
                            "schema_version": "2"
                        },
                        "tainted": false
                    },
                    "deposed": [],
                    "provider": ""
                },
                "google_compute_instance.dev-instance": {
                    "type": "google_compute_instance",
                    "depends_on": [],
                    "primary": {
                        "id": "dev-instance",
                        "attributes": {
                            "can_ip_forward": "false",
                            "disk.#": "1",
                            "disk.0.auto_delete": "true",
                            "disk.0.device_name": "",
                            "disk.0.disk": "",
                            "disk.0.image": "ubuntu-os-cloud/ubuntu-1604-lts",
                            "disk.0.scratch": "false",
                            "disk.0.size": "10",
                            "disk.0.type": "",
                            "id": "dev-instance",
                            "machine_type": "custom-1-2048",
                            "metadata.%": "0",
                            "metadata_fingerprint": "uFD00vqIMvY=",
                            "name": "dev-instance",
                            "network.#": "0",
                            "network_interface.#": "1",
                            "network_interface.0.access_config.#": "1",
                            "network_interface.0.access_config.0.assigned_nat_ip": "104.196.211.229",
                            "network_interface.0.access_config.0.nat_ip": "",
                            "network_interface.0.address": "10.142.0.2",
                            "network_interface.0.name": "nic0",
                            "network_interface.0.network": "default",
                            "network_interface.0.subnetwork": "",
                            "self_link": "https://www.googleapis.com/compute/v1/projects/seniordesign-143118/zones/us-east1-b/instances/dev-instance",
                            "service_account.#": "0",
                            "tags.#": "1",
                            "tags.292811013": "dev",
                            "tags_fingerprint": "xlip8CMnj60=",
                            "zone": "us-east1-b"
                        },
                        "meta": {
                            "schema_version": "2"
                        },
                        "tainted": false
                    },
                    "deposed": [],
                    "provider": ""
                }
            },
            "depends_on": []
        }
    ]
}
